{
  "name": "test",
  "version": "1.0.0",
  "lockfileVersion": 3,
  "requires": true,
  "packages": {
    "": {
      "name": "test",
      "version": "1.0.0",
      "license": "ISC",
      "devDependencies": {
        "@types/node": "^20.14.9"
      }
    },
    "node_modules/.pnpm/@types+node@20.14.9": {},
    "node_modules/.pnpm/@types+node@20.14.9/node_modules/@types/node": {
      "version": "20.14.9",
      "dev": true,
      "license": "MIT",
      "dependencies": {
        "undici-types": "~5.26.4"
      }
    },
    "node_modules/.pnpm/@types+node@20.14.9/node_modules/undici-types": {
      "resolved": "node_modules/.pnpm/undici-types@5.26.5/node_modules/undici-types",
      "link": true
    },
    "node_modules/.pnpm/undici-types@5.26.5/node_modules/undici-types": {
      "version": "5.26.5",
      "dev": true,
      "license": "MIT"
    },
    "node_modules/@types/node": {
      "resolved": "node_modules/.pnpm/@types+node@20.14.9/node_modules/@types/node",
      "link": true
    }
  }
}
